
Microsoft Visual Studio Solution File, Format Version 12.00
# Visual Studio Version 17
VisualStudioVersion = 17.3.32819.101
MinimumVisualStudioVersion = 10.0.40219.1
Project("{FAE04EC0-301F-11D3-BF4B-00C04F79EFBC}") = "WPF_WebServerClient", "WPF_WebServerClient.csproj", "{7809B2C3-9E43-42AA-BDCA-663FAA708487}"
EndProject
Global
	GlobalSection(SolutionConfigurationPlatforms) = preSolution
		Debug|Any CPU = Debug|Any CPU
		Release|Any CPU = Release|Any CPU
	EndGlobalSection
	GlobalSection(ProjectConfigurationPlatforms) = postSolution
		{7809B2C3-9E43-42AA-BDCA-663FAA708487}.Debug|Any CPU.ActiveCfg = Debug|Any CPU
		{7809B2C3-9E43-42AA-BDCA-663FAA708487}.Debug|Any CPU.Build.0 = Debug|Any CPU
		{7809B2C3-9E43-42AA-BDCA-663FAA708487}.Release|Any CPU.ActiveCfg = Release|Any CPU
		{7809B2C3-9E43-42AA-BDCA-663FAA708487}.Release|Any CPU.Build.0 = Release|Any CPU
	EndGlobalSection
	GlobalSection(SolutionProperties) = preSolution
		HideSolutionNode = FALSE
	EndGlobalSection
	GlobalSection(ExtensibilityGlobals) = postSolution
		SolutionGuid = {4A8EF870-8CA8-4424-B21E-2CCECA197CA0}
	EndGlobalSection
EndGlobal
